
Microsoft Visual Studio Solution File, Format Version 12.00
# Visual Studio Version 16
VisualStudioVersion = 16.0.31702.278
MinimumVisualStudioVersion = 10.0.40219.1
Project("{FAE04EC0-301F-11D3-BF4B-00C04F79EFBC}") = "Folders", "Folders\Folders.csproj", "{0AC76BF1-C3DF-452B-BA78-35D2A323219E}"
EndProject
Global
	GlobalSection(SolutionConfigurationPlatforms) = preSolution
		Debug|Any CPU = Debug|Any CPU
		Release|Any CPU = Release|Any CPU
	EndGlobalSection
	GlobalSection(ProjectConfigurationPlatforms) = postSolution
		{0AC76BF1-C3DF-452B-BA78-35D2A323219E}.Debug|Any CPU.ActiveCfg = Debug|Any CPU
		{0AC76BF1-C3DF-452B-BA78-35D2A323219E}.Debug|Any CPU.Build.0 = Debug|Any CPU
		{0AC76BF1-C3DF-452B-BA78-35D2A323219E}.Release|Any CPU.ActiveCfg = Release|Any CPU
		{0AC76BF1-C3DF-452B-BA78-35D2A323219E}.Release|Any CPU.Build.0 = Release|Any CPU
	EndGlobalSection
	GlobalSection(SolutionProperties) = preSolution
		HideSolutionNode = FALSE
	EndGlobalSection
	GlobalSection(ExtensibilityGlobals) = postSolution
		SolutionGuid = {2B855CC3-EDC7-47BE-915C-05FE9CCC7175}
	EndGlobalSection
EndGlobal
